
Microsoft Visual Studio Solution File, Format Version 12.00
# Visual Studio 15
VisualStudioVersion = 15.0.28010.2036
MinimumVisualStudioVersion = 10.0.40219.1
Project("{8BC9CEB8-8B4A-11D0-8D11-00A0C91BC942}") = "Aufgabe1", "Aufgabe1\Aufgabe1.vcxproj", "{4BCEEFD0-AF2C-4BF8-8CCA-F29010C648E3}"
EndProject
Project("{8BC9CEB8-8B4A-11D0-8D11-00A0C91BC942}") = "Aufgabe2", "Aufgabe2\Aufgabe2.vcxproj", "{A1CDA1F5-2D54-4D93-9D1D-D7A51F2843F6}"
EndProject
Project("{8BC9CEB8-8B4A-11D0-8D11-00A0C91BC942}") = "Aufgabe3", "Aufgabe3\Aufgabe3.vcxproj", "{96D55969-798E-4BBC-A7F7-B557C19D6E84}"
EndProject
Global
	GlobalSection(SolutionConfigurationPlatforms) = preSolution
		Debug|x64 = Debug|x64
		Debug|x86 = Debug|x86
		Release|x64 = Release|x64
		Release|x86 = Release|x86
	EndGlobalSection
	GlobalSection(ProjectConfigurationPlatforms) = postSolution
		{4BCEEFD0-AF2C-4BF8-8CCA-F29010C648E3}.Debug|x64.ActiveCfg = Debug|x64
		{4BCEEFD0-AF2C-4BF8-8CCA-F29010C648E3}.Debug|x64.Build.0 = Debug|x64
		{4BCEEFD0-AF2C-4BF8-8CCA-F29010C648E3}.Debug|x86.ActiveCfg = Debug|Win32
		{4BCEEFD0-AF2C-4BF8-8CCA-F29010C648E3}.Debug|x86.Build.0 = Debug|Win32
		{4BCEEFD0-AF2C-4BF8-8CCA-F29010C648E3}.Release|x64.ActiveCfg = Release|x64
		{4BCEEFD0-AF2C-4BF8-8CCA-F29010C648E3}.Release|x64.Build.0 = Release|x64
		{4BCEEFD0-AF2C-4BF8-8CCA-F29010C648E3}.Release|x86.ActiveCfg = Release|Win32
		{4BCEEFD0-AF2C-4BF8-8CCA-F29010C648E3}.Release|x86.Build.0 = Release|Win32
		{A1CDA1F5-2D54-4D93-9D1D-D7A51F2843F6}.Debug|x64.ActiveCfg = Debug|x64
		{A1CDA1F5-2D54-4D93-9D1D-D7A51F2843F6}.Debug|x64.Build.0 = Debug|x64
		{A1CDA1F5-2D54-4D93-9D1D-D7A51F2843F6}.Debug|x86.ActiveCfg = Debug|Win32
		{A1CDA1F5-2D54-4D93-9D1D-D7A51F2843F6}.Debug|x86.Build.0 = Debug|Win32
		{A1CDA1F5-2D54-4D93-9D1D-D7A51F2843F6}.Release|x64.ActiveCfg = Release|x64
		{A1CDA1F5-2D54-4D93-9D1D-D7A51F2843F6}.Release|x64.Build.0 = Release|x64
		{A1CDA1F5-2D54-4D93-9D1D-D7A51F2843F6}.Release|x86.ActiveCfg = Release|Win32
		{A1CDA1F5-2D54-4D93-9D1D-D7A51F2843F6}.Release|x86.Build.0 = Release|Win32
		{96D55969-798E-4BBC-A7F7-B557C19D6E84}.Debug|x64.ActiveCfg = Debug|x64
		{96D55969-798E-4BBC-A7F7-B557C19D6E84}.Debug|x64.Build.0 = Debug|x64
		{96D55969-798E-4BBC-A7F7-B557C19D6E84}.Debug|x86.ActiveCfg = Debug|Win32
		{96D55969-798E-4BBC-A7F7-B557C19D6E84}.Debug|x86.Build.0 = Debug|Win32
		{96D55969-798E-4BBC-A7F7-B557C19D6E84}.Release|x64.ActiveCfg = Release|x64
		{96D55969-798E-4BBC-A7F7-B557C19D6E84}.Release|x64.Build.0 = Release|x64
		{96D55969-798E-4BBC-A7F7-B557C19D6E84}.Release|x86.ActiveCfg = Release|Win32
		{96D55969-798E-4BBC-A7F7-B557C19D6E84}.Release|x86.Build.0 = Release|Win32
	EndGlobalSection
	GlobalSection(SolutionProperties) = preSolution
		HideSolutionNode = FALSE
	EndGlobalSection
	GlobalSection(ExtensibilityGlobals) = postSolution
		SolutionGuid = {83B2F1DB-FC06-4198-AA20-E50B52534782}
	EndGlobalSection
EndGlobal
